
Microsoft Visual Studio Solution File, Format Version 12.00
# Visual Studio Version 17
VisualStudioVersion = 17.5.33424.131
MinimumVisualStudioVersion = 10.0.40219.1
Project("{FAE04EC0-301F-11D3-BF4B-00C04F79EFBC}") = "Clock", "Clock.csproj", "{ECFFCACA-F67A-46B6-A28C-5EA702F11418}"
EndProject
Global
	GlobalSection(SolutionConfigurationPlatforms) = preSolution
		Debug|Any CPU = Debug|Any CPU
		Release|Any CPU = Release|Any CPU
	EndGlobalSection
	GlobalSection(ProjectConfigurationPlatforms) = postSolution
		{ECFFCACA-F67A-46B6-A28C-5EA702F11418}.Debug|Any CPU.ActiveCfg = Debug|Any CPU
		{ECFFCACA-F67A-46B6-A28C-5EA702F11418}.Debug|Any CPU.Build.0 = Debug|Any CPU
		{ECFFCACA-F67A-46B6-A28C-5EA702F11418}.Release|Any CPU.ActiveCfg = Release|Any CPU
		{ECFFCACA-F67A-46B6-A28C-5EA702F11418}.Release|Any CPU.Build.0 = Release|Any CPU
	EndGlobalSection
	GlobalSection(SolutionProperties) = preSolution
		HideSolutionNode = FALSE
	EndGlobalSection
	GlobalSection(ExtensibilityGlobals) = postSolution
		SolutionGuid = {8A31E1AD-1852-4AF5-8568-BE34198A4D37}
	EndGlobalSection
EndGlobal
